{
  "name": "express-fix-any-js",
  "version": "1.7.1",
  "lockfileVersion": 3,
  "requires": true,
  "packages": {
    "": {
      "name": "express-fix-any-js",
      "version": "1.7.1",
      "dependencies": {
        "express-check-any-for-import": "file:../ks1/express-check-any-for-import"
      },
      "bin": {
        "express-fix-any-js": "bin/cli.js"
      }
    },
    "../ks1/express-check-any-for-import": {
      "version": "1.4.1",
      "bin": {
        "express-fix-any-js": "bin/cli.js"
      }
    },
    "node_modules/express-check-any-for-import": {
      "resolved": "../ks1/express-check-any-for-import",
      "link": true
    }
  }
}
