{
  "name": "express-fix-any-js",
  "version": "1.7.6",
  "lockfileVersion": 3,
  "requires": true,
  "packages": {
    "": {
      "name": "express-fix-any-js",
      "version": "1.7.6",
      "dependencies": {
        "express-check-any-for-import": "^1.4.5"
      },
      "bin": {
        "express-fix-any-js": "bin/cli.js"
      }
    },
    "node_modules/express-check-any-for-import": {
      "version": "1.4.5",
      "resolved": "https://registry.npmjs.org/express-check-any-for-import/-/express-check-any-for-import-1.4.5.tgz",
      "integrity": "sha512-SNYY6h2OrnsnSsK54eIkg7/HHQlnpTlPh7ppp7u+puIXz+MpRd6idQbBmJuddm1psfrreTPZPzoGXk53im+Y1w==",
      "bin": {
        "express-check-any-for-import": "bin/cli.js"
      }
    }
  }
}
